
Microsoft Visual Studio Solution File, Format Version 12.00
# Visual Studio Version 16
VisualStudioVersion = 16.0.30621.155
MinimumVisualStudioVersion = 10.0.40219.1
Project("{9A19103F-16F7-4668-BE54-9A1E7A4F7556}") = "Discord.Addons.Music", "Discord.Addons.Music\Discord.Addons.Music.csproj", "{3740C05E-CFD3-42F4-8084-91B827544CB2}"
EndProject
Project("{FAE04EC0-301F-11D3-BF4B-00C04F79EFBC}") = "ExampleMusicBot", "ExampleMusicBot\ExampleMusicBot.csproj", "{FF913ACA-80ED-4749-85E1-F0B2AC6013F2}"
EndProject
Global
	GlobalSection(SolutionConfigurationPlatforms) = preSolution
		Debug|Any CPU = Debug|Any CPU
		Release|Any CPU = Release|Any CPU
	EndGlobalSection
	GlobalSection(ProjectConfigurationPlatforms) = postSolution
		{3740C05E-CFD3-42F4-8084-91B827544CB2}.Debug|Any CPU.ActiveCfg = Debug|Any CPU
		{3740C05E-CFD3-42F4-8084-91B827544CB2}.Debug|Any CPU.Build.0 = Debug|Any CPU
		{3740C05E-CFD3-42F4-8084-91B827544CB2}.Release|Any CPU.ActiveCfg = Release|Any CPU
		{3740C05E-CFD3-42F4-8084-91B827544CB2}.Release|Any CPU.Build.0 = Release|Any CPU
		{FF913ACA-80ED-4749-85E1-F0B2AC6013F2}.Debug|Any CPU.ActiveCfg = Debug|Any CPU
		{FF913ACA-80ED-4749-85E1-F0B2AC6013F2}.Debug|Any CPU.Build.0 = Debug|Any CPU
		{FF913ACA-80ED-4749-85E1-F0B2AC6013F2}.Release|Any CPU.ActiveCfg = Release|Any CPU
		{FF913ACA-80ED-4749-85E1-F0B2AC6013F2}.Release|Any CPU.Build.0 = Release|Any CPU
	EndGlobalSection
	GlobalSection(SolutionProperties) = preSolution
		HideSolutionNode = FALSE
	EndGlobalSection
	GlobalSection(ExtensibilityGlobals) = postSolution
		SolutionGuid = {7FBDE3F3-70BE-4338-AF7C-3170DAB60345}
	EndGlobalSection
EndGlobal
